
Microsoft Visual Studio Solution File, Format Version 12.00
# Visual Studio 14
VisualStudioVersion = 14.0.25420.1
MinimumVisualStudioVersion = 10.0.40219.1
Project("{FAE04EC0-301F-11D3-BF4B-00C04F79EFBC}") = "WordpressAutomation", "WordpressAutomation\WordpressAutomation.csproj", "{FABDF7D8-E595-4B1B-9090-5D16E45E23DC}"
EndProject
Project("{FAE04EC0-301F-11D3-BF4B-00C04F79EFBC}") = "WordpressTest", "WordpressTest\WordpressTest.csproj", "{C504D809-6AEA-4818-87AE-501C9C513CFF}"
EndProject
Global
	GlobalSection(SolutionConfigurationPlatforms) = preSolution
		Debug|Any CPU = Debug|Any CPU
		Release|Any CPU = Release|Any CPU
	EndGlobalSection
	GlobalSection(ProjectConfigurationPlatforms) = postSolution
		{FABDF7D8-E595-4B1B-9090-5D16E45E23DC}.Debug|Any CPU.ActiveCfg = Debug|Any CPU
		{FABDF7D8-E595-4B1B-9090-5D16E45E23DC}.Debug|Any CPU.Build.0 = Debug|Any CPU
		{FABDF7D8-E595-4B1B-9090-5D16E45E23DC}.Release|Any CPU.ActiveCfg = Release|Any CPU
		{FABDF7D8-E595-4B1B-9090-5D16E45E23DC}.Release|Any CPU.Build.0 = Release|Any CPU
		{C504D809-6AEA-4818-87AE-501C9C513CFF}.Debug|Any CPU.ActiveCfg = Debug|Any CPU
		{C504D809-6AEA-4818-87AE-501C9C513CFF}.Debug|Any CPU.Build.0 = Debug|Any CPU
		{C504D809-6AEA-4818-87AE-501C9C513CFF}.Release|Any CPU.ActiveCfg = Release|Any CPU
		{C504D809-6AEA-4818-87AE-501C9C513CFF}.Release|Any CPU.Build.0 = Release|Any CPU
	EndGlobalSection
	GlobalSection(SolutionProperties) = preSolution
		HideSolutionNode = FALSE
	EndGlobalSection
EndGlobal
